
Microsoft Visual Studio Solution File, Format Version 12.00
# Visual Studio Version 17
VisualStudioVersion = 17.9.34607.119
MinimumVisualStudioVersion = 10.0.40219.1
Project("{FAE04EC0-301F-11D3-BF4B-00C04F79EFBC}") = "JustLanguage", "JustLanguage\JustLanguage.csproj", "{1220CC0B-002C-4019-92C0-7C1DD8A5D9BC}"
EndProject
Global
	GlobalSection(SolutionConfigurationPlatforms) = preSolution
		Debug|Any CPU = Debug|Any CPU
		Release|Any CPU = Release|Any CPU
	EndGlobalSection
	GlobalSection(ProjectConfigurationPlatforms) = postSolution
		{1220CC0B-002C-4019-92C0-7C1DD8A5D9BC}.Debug|Any CPU.ActiveCfg = Debug|Any CPU
		{1220CC0B-002C-4019-92C0-7C1DD8A5D9BC}.Debug|Any CPU.Build.0 = Debug|Any CPU
		{1220CC0B-002C-4019-92C0-7C1DD8A5D9BC}.Release|Any CPU.ActiveCfg = Release|Any CPU
		{1220CC0B-002C-4019-92C0-7C1DD8A5D9BC}.Release|Any CPU.Build.0 = Release|Any CPU
	EndGlobalSection
	GlobalSection(SolutionProperties) = preSolution
		HideSolutionNode = FALSE
	EndGlobalSection
	GlobalSection(ExtensibilityGlobals) = postSolution
		SolutionGuid = {E0D34107-683D-43C9-A6D2-3B8F32EA124B}
	EndGlobalSection
EndGlobal
